// !$*UTF8*$!
{
	archiveVersion = 1;
	classes = {
	};
	objectVersion = 50;
	objects = {

/* Begin PBXBuildFile section */
		90C2C86725C0C0F70050D7FF /* AppDelegate.swift in Sources */ = {isa = PBXBuildFile; fileRef = 90C2C86625C0C0F70050D7FF /* AppDelegate.swift */; };
		90C2C86925C0C0F70050D7FF /* SceneDelegate.swift in Sources */ = {isa = PBXBuildFile; fileRef = 90C2C86825C0C0F70050D7FF /* SceneDelegate.swift */; };
		90C2C86B25C0C0F70050D7FF /* ViewController.swift in Sources */ = {isa = PBXBuildFile; fileRef = 90C2C86A25C0C0F70050D7FF /* ViewController.swift */; };
		90C2C86E25C0C0F70050D7FF /* Main.storyboard in Resources */ = {isa = PBXBuildFile; fileRef = 90C2C86C25C0C0F70050D7FF /* Main.storyboard */; };
		90C2C87025C0C0F80050D7FF /* Assets.xcassets in Resources */ = {isa = PBXBuildFile; fileRef = 90C2C86F25C0C0F80050D7FF /* Assets.xcassets */; };
		90C2C87325C0C0F80050D7FF /* LaunchScreen.storyboard in Resources */ = {isa = PBXBuildFile; fileRef = 90C2C87125C0C0F80050D7FF /* LaunchScreen.storyboard */; };
		90C2C87E25C0C0F90050D7FF /* UnitTestPracticeTests.swift in Sources */ = {isa = PBXBuildFile; fileRef = 90C2C87D25C0C0F90050D7FF /* UnitTestPracticeTests.swift */; };
		90C2C88925C0C0F90050D7FF /* UnitTestPracticeUITests.swift in Sources */ = {isa = PBXBuildFile; fileRef = 90C2C88825C0C0F90050D7FF /* UnitTestPracticeUITests.swift */; };
		90C2C89A25C0C1A10050D7FF /* MathStuff.swift in Sources */ = {isa = PBXBuildFile; fileRef = 90C2C89925C0C1A10050D7FF /* MathStuff.swift */; };
/* End PBXBuildFile section */

/* Begin PBXContainerItemProxy section */
		90C2C87A25C0C0F90050D7FF /* PBXContainerItemProxy */ = {
			isa = PBXContainerItemProxy;
			containerPortal = 90C2C85B25C0C0F70050D7FF /* Project object */;
			proxyType = 1;
			remoteGlobalIDString = 90C2C86225C0C0F70050D7FF;
			remoteInfo = UnitTestPractice;
		};
		90C2C88525C0C0F90050D7FF /* PBXContainerItemProxy */ = {
			isa = PBXContainerItemProxy;
			containerPortal = 90C2C85B25C0C0F70050D7FF /* Project object */;
			proxyType = 1;
			remoteGlobalIDString = 90C2C86225C0C0F70050D7FF;
			remoteInfo = UnitTestPractice;
		};
/* End PBXContainerItemProxy section */

/* Begin PBXFileReference section */
		90C2C86325C0C0F70050D7FF /* UnitTestPractice.app */ = {isa = PBXFileReference; explicitFileType = wrapper.application; includeInIndex = 0; path = UnitTestPractice.app; sourceTree = BUILT_PRODUCTS_DIR; };
		90C2C86625C0C0F70050D7FF /* AppDelegate.swift */ = {isa = PBXFileReference; lastKnownFileType = sourcecode.swift; path = AppDelegate.swift; sourceTree = "<group>"; };
		90C2C86825C0C0F70050D7FF /* SceneDelegate.swift */ = {isa = PBXFileReference; lastKnownFileType = sourcecode.swift; path = SceneDelegate.swift; sourceTree = "<group>"; };
		90C2C86A25C0C0F70050D7FF /* ViewController.swift */ = {isa = PBXFileReference; lastKnownFileType = sourcecode.swift; path = ViewController.swift; sourceTree = "<group>"; };
		90C2C86D25C0C0F70050D7FF /* Base */ = {isa = PBXFileReference; lastKnownFileType = file.storyboard; name = Base; path = Base.lproj/Main.storyboard; sourceTree = "<group>"; };
		90C2C86F25C0C0F80050D7FF /* Assets.xcassets */ = {isa = PBXFileReference; lastKnownFileType = folder.assetcatalog; path = Assets.xcassets; sourceTree = "<group>"; };
		90C2C87225C0C0F80050D7FF /* Base */ = {isa = PBXFileReference; lastKnownFileType = file.storyboard; name = Base; path = Base.lproj/LaunchScreen.storyboard; sourceTree = "<group>"; };
		90C2C87425C0C0F80050D7FF /* Info.plist */ = {isa = PBXFileReference; lastKnownFileType = text.plist.xml; path = Info.plist; sourceTree = "<group>"; };
		90C2C87925C0C0F90050D7FF /* UnitTestPracticeTests.xctest */ = {isa = PBXFileReference; explicitFileType = wrapper.cfbundle; includeInIndex = 0; path = UnitTestPracticeTests.xctest; sourceTree = BUILT_PRODUCTS_DIR; };
		90C2C87D25C0C0F90050D7FF /* UnitTestPracticeTests.swift */ = {isa = PBXFileReference; lastKnownFileType = sourcecode.swift; path = UnitTestPracticeTests.swift; sourceTree = "<group>"; };
		90C2C87F25C0C0F90050D7FF /* Info.plist */ = {isa = PBXFileReference; lastKnownFileType = text.plist.xml; path = Info.plist; sourceTree = "<group>"; };
		90C2C88425C0C0F90050D7FF /* UnitTestPracticeUITests.xctest */ = {isa = PBXFileReference; explicitFileType = wrapper.cfbundle; includeInIndex = 0; path = UnitTestPracticeUITests.xctest; sourceTree = BUILT_PRODUCTS_DIR; };
		90C2C88825C0C0F90050D7FF /* UnitTestPracticeUITests.swift */ = {isa = PBXFileReference; lastKnownFileType = sourcecode.swift; path = UnitTestPracticeUITests.swift; sourceTree = "<group>"; };
		90C2C88A25C0C0F90050D7FF /* Info.plist */ = {isa = PBXFileReference; lastKnownFileType = text.plist.xml; path = Info.plist; sourceTree = "<group>"; };
		90C2C89925C0C1A10050D7FF /* MathStuff.swift */ = {isa = PBXFileReference; lastKnownFileType = sourcecode.swift; path = MathStuff.swift; sourceTree = "<group>"; };
/* End PBXFileReference section */

/* Begin PBXFrameworksBuildPhase section */
		90C2C86025C0C0F70050D7FF /* Frameworks */ = {
			isa = PBXFrameworksBuildPhase;
			buildActionMask = 2147483647;
			files = (
			);
			runOnlyForDeploymentPostprocessing = 0;
		};
		90C2C87625C0C0F90050D7FF /* Frameworks */ = {
			isa = PBXFrameworksBuildPhase;
			buildActionMask = 2147483647;
			files = (
			);
			runOnlyForDeploymentPostprocessing = 0;
		};
		90C2C88125C0C0F90050D7FF /* Frameworks */ = {
			isa = PBXFrameworksBuildPhase;
			buildActionMask = 2147483647;
			files = (
			);
			runOnlyForDeploymentPostprocessing = 0;
		};
/* End PBXFrameworksBuildPhase section */

/* Begin PBXGroup section */
		90C2C85A25C0C0F70050D7FF = {
			isa = PBXGroup;
			children = (
				90C2C86525C0C0F70050D7FF /* UnitTestPractice */,
				90C2C87C25C0C0F90050D7FF /* UnitTestPracticeTests */,
				90C2C88725C0C0F90050D7FF /* UnitTestPracticeUITests */,
				90C2C86425C0C0F70050D7FF /* Products */,
			);
			sourceTree = "<group>";
		};
		90C2C86425C0C0F70050D7FF /* Products */ = {
			isa = PBXGroup;
			children = (
				90C2C86325C0C0F70050D7FF /* UnitTestPractice.app */,
				90C2C87925C0C0F90050D7FF /* UnitTestPracticeTests.xctest */,
				90C2C88425C0C0F90050D7FF /* UnitTestPracticeUITests.xctest */,
			);
			name = Products;
			sourceTree = "<group>";
		};
		90C2C86525C0C0F70050D7FF /* UnitTestPractice */ = {
			isa = PBXGroup;
			children = (
				90C2C86625C0C0F70050D7FF /* AppDelegate.swift */,
				90C2C86825C0C0F70050D7FF /* SceneDelegate.swift */,
				90C2C86A25C0C0F70050D7FF /* ViewController.swift */,
				90C2C86C25C0C0F70050D7FF /* Main.storyboard */,
				90C2C86F25C0C0F80050D7FF /* Assets.xcassets */,
				90C2C87125C0C0F80050D7FF /* LaunchScreen.storyboard */,
				90C2C87425C0C0F80050D7FF /* Info.plist */,
				90C2C89925C0C1A10050D7FF /* MathStuff.swift */,
			);
			path = UnitTestPractice;
			sourceTree = "<group>";
		};
		90C2C87C25C0C0F90050D7FF /* UnitTestPracticeTests */ = {
			isa = PBXGroup;
			children = (
				90C2C87D25C0C0F90050D7FF /* UnitTestPracticeTests.swift */,
				90C2C87F25C0C0F90050D7FF /* Info.plist */,
			);
			path = UnitTestPracticeTests;
			sourceTree = "<group>";
		};
		90C2C88725C0C0F90050D7FF /* UnitTestPracticeUITests */ = {
			isa = PBXGroup;
			children = (
				90C2C88825C0C0F90050D7FF /* UnitTestPracticeUITests.swift */,
				90C2C88A25C0C0F90050D7FF /* Info.plist */,
			);
			path = UnitTestPracticeUITests;
			sourceTree = "<group>";
		};
/* End PBXGroup section */

/* Begin PBXNativeTarget section */
		90C2C86225C0C0F70050D7FF /* UnitTestPractice */ = {
			isa = PBXNativeTarget;
			buildConfigurationList = 90C2C88D25C0C0F90050D7FF /* Build configuration list for PBXNativeTarget "UnitTestPractice" */;
			buildPhases = (
				90C2C85F25C0C0F70050D7FF /* Sources */,
				90C2C86025C0C0F70050D7FF /* Frameworks */,
				90C2C86125C0C0F70050D7FF /* Resources */,
			);
			buildRules = (
			);
			dependencies = (
			);
			name = UnitTestPractice;
			productName = UnitTestPractice;
			productReference = 90C2C86325C0C0F70050D7FF /* UnitTestPractice.app */;
			productType = "com.apple.product-type.application";
		};
		90C2C87825C0C0F90050D7FF /* UnitTestPracticeTests */ = {
			isa = PBXNativeTarget;
			buildConfigurationList = 90C2C89025C0C0F90050D7FF /* Build configuration list for PBXNativeTarget "UnitTestPracticeTests" */;
			buildPhases = (
				90C2C87525C0C0F90050D7FF /* Sources */,
				90C2C87625C0C0F90050D7FF /* Frameworks */,
				90C2C87725C0C0F90050D7FF /* Resources */,
			);
			buildRules = (
			);
			dependencies = (
				90C2C87B25C0C0F90050D7FF /* PBXTargetDependency */,
			);
			name = UnitTestPracticeTests;
			productName = UnitTestPracticeTests;
			productReference = 90C2C87925C0C0F90050D7FF /* UnitTestPracticeTests.xctest */;
			productType = "com.apple.product-type.bundle.unit-test";
		};
		90C2C88325C0C0F90050D7FF /* UnitTestPracticeUITests */ = {
			isa = PBXNativeTarget;
			buildConfigurationList = 90C2C89325C0C0F90050D7FF /* Build configuration list for PBXNativeTarget "UnitTestPracticeUITests" */;
			buildPhases = (
				90C2C88025C0C0F90050D7FF /* Sources */,
				90C2C88125C0C0F90050D7FF /* Frameworks */,
				90C2C88225C0C0F90050D7FF /* Resources */,
			);
			buildRules = (
			);
			dependencies = (
				90C2C88625C0C0F90050D7FF /* PBXTargetDependency */,
			);
			name = UnitTestPracticeUITests;
			productName = UnitTestPracticeUITests;
			productReference = 90C2C88425C0C0F90050D7FF /* UnitTestPracticeUITests.xctest */;
			productType = "com.apple.product-type.bundle.ui-testing";
		};
/* End PBXNativeTarget section */

/* Begin PBXProject section */
		90C2C85B25C0C0F70050D7FF /* Project object */ = {
			isa = PBXProject;
			attributes = {
				LastSwiftUpdateCheck = 1240;
				LastUpgradeCheck = 1240;
				TargetAttributes = {
					90C2C86225C0C0F70050D7FF = {
						CreatedOnToolsVersion = 12.4;
					};
					90C2C87825C0C0F90050D7FF = {
						CreatedOnToolsVersion = 12.4;
						TestTargetID = 90C2C86225C0C0F70050D7FF;
					};
					90C2C88325C0C0F90050D7FF = {
						CreatedOnToolsVersion = 12.4;
						TestTargetID = 90C2C86225C0C0F70050D7FF;
					};
				};
			};
			buildConfigurationList = 90C2C85E25C0C0F70050D7FF /* Build configuration list for PBXProject "UnitTestPractice" */;
			compatibilityVersion = "Xcode 9.3";
			developmentRegion = en;
			hasScannedForEncodings = 0;
			knownRegions = (
				en,
				Base,
			);
			mainGroup = 90C2C85A25C0C0F70050D7FF;
			productRefGroup = 90C2C86425C0C0F70050D7FF /* Products */;
			projectDirPath = "";
			projectRoot = "";
			targets = (
				90C2C86225C0C0F70050D7FF /* UnitTestPractice */,
				90C2C87825C0C0F90050D7FF /* UnitTestPracticeTests */,
				90C2C88325C0C0F90050D7FF /* UnitTestPracticeUITests */,
			);
		};
/* End PBXProject section */

/* Begin PBXResourcesBuildPhase section */
		90C2C86125C0C0F70050D7FF /* Resources */ = {
			isa = PBXResourcesBuildPhase;
			buildActionMask = 2147483647;
			files = (
				90C2C87325C0C0F80050D7FF /* LaunchScreen.storyboard in Resources */,
				90C2C87025C0C0F80050D7FF /* Assets.xcassets in Resources */,
				90C2C86E25C0C0F70050D7FF /* Main.storyboard in Resources */,
			);
			runOnlyForDeploymentPostprocessing = 0;
		};
		90C2C87725C0C0F90050D7FF /* Resources */ = {
			isa = PBXResourcesBuildPhase;
			buildActionMask = 2147483647;
			files = (
			);
			runOnlyForDeploymentPostprocessing = 0;
		};
		90C2C88225C0C0F90050D7FF /* Resources */ = {
			isa = PBXResourcesBuildPhase;
			buildActionMask = 2147483647;
			files = (
			);
			runOnlyForDeploymentPostprocessing = 0;
		};
/* End PBXResourcesBuildPhase section */

/* Begin PBXSourcesBuildPhase section */
		90C2C85F25C0C0F70050D7FF /* Sources */ = {
			isa = PBXSourcesBuildPhase;
			buildActionMask = 2147483647;
			files = (
				90C2C89A25C0C1A10050D7FF /* MathStuff.swift in Sources */,
				90C2C86B25C0C0F70050D7FF /* ViewController.swift in Sources */,
				90C2C86725C0C0F70050D7FF /* AppDelegate.swift in Sources */,
				90C2C86925C0C0F70050D7FF /* SceneDelegate.swift in Sources */,
			);
			runOnlyForDeploymentPostprocessing = 0;
		};
		90C2C87525C0C0F90050D7FF /* Sources */ = {
			isa = PBXSourcesBuildPhase;
			buildActionMask = 2147483647;
			files = (
				90C2C87E25C0C0F90050D7FF /* UnitTestPracticeTests.swift in Sources */,
			);
			runOnlyForDeploymentPostprocessing = 0;
		};
		90C2C88025C0C0F90050D7FF /* Sources */ = {
			isa = PBXSourcesBuildPhase;
			buildActionMask = 2147483647;
			files = (
				90C2C88925C0C0F90050D7FF /* UnitTestPracticeUITests.swift in Sources */,
			);
			runOnlyForDeploymentPostprocessing = 0;
		};
/* End PBXSourcesBuildPhase section */

/* Begin PBXTargetDependency section */
		90C2C87B25C0C0F90050D7FF /* PBXTargetDependency */ = {
			isa = PBXTargetDependency;
			target = 90C2C86225C0C0F70050D7FF /* UnitTestPractice */;
			targetProxy = 90C2C87A25C0C0F90050D7FF /* PBXContainerItemProxy */;
		};
		90C2C88625C0C0F90050D7FF /* PBXTargetDependency */ = {
			isa = PBXTargetDependency;
			target = 90C2C86225C0C0F70050D7FF /* UnitTestPractice */;
			targetProxy = 90C2C88525C0C0F90050D7FF /* PBXContainerItemProxy */;
		};
/* End PBXTargetDependency section */

/* Begin PBXVariantGroup section */
		90C2C86C25C0C0F70050D7FF /* Main.storyboard */ = {
			isa = PBXVariantGroup;
			children = (
				90C2C86D25C0C0F70050D7FF /* Base */,
			);
			name = Main.storyboard;
			sourceTree = "<group>";
		};
		90C2C87125C0C0F80050D7FF /* LaunchScreen.storyboard */ = {
			isa = PBXVariantGroup;
			children = (
				90C2C87225C0C0F80050D7FF /* Base */,
			);
			name = LaunchScreen.storyboard;
			sourceTree = "<group>";
		};
/* End PBXVariantGroup section */

/* Begin XCBuildConfiguration section */
		90C2C88B25C0C0F90050D7FF /* Debug */ = {
			isa = XCBuildConfiguration;
			buildSettings = {
				ALWAYS_SEARCH_USER_PATHS = NO;
				CLANG_ANALYZER_NONNULL = YES;
				CLANG_ANALYZER_NUMBER_OBJECT_CONVERSION = YES_AGGRESSIVE;
				CLANG_CXX_LANGUAGE_STANDARD = "gnu++14";
				CLANG_CXX_LIBRARY = "libc++";
				CLANG_ENABLE_MODULES = YES;
				CLANG_ENABLE_OBJC_ARC = YES;
				CLANG_ENABLE_OBJC_WEAK = YES;
				CLANG_WARN_BLOCK_CAPTURE_AUTORELEASING = YES;
				CLANG_WARN_BOOL_CONVERSION = YES;
				CLANG_WARN_COMMA = YES;
				CLANG_WARN_CONSTANT_CONVERSION = YES;
				CLANG_WARN_DEPRECATED_OBJC_IMPLEMENTATIONS = YES;
				CLANG_WARN_DIRECT_OBJC_ISA_USAGE = YES_ERROR;
				CLANG_WARN_DOCUMENTATION_COMMENTS = YES;
				CLANG_WARN_EMPTY_BODY = YES;
				CLANG_WARN_ENUM_CONVERSION = YES;
				CLANG_WARN_INFINITE_RECURSION = YES;
				CLANG_WARN_INT_CONVERSION = YES;
				CLANG_WARN_NON_LITERAL_NULL_CONVERSION = YES;
				CLANG_WARN_OBJC_IMPLICIT_RETAIN_SELF = YES;
				CLANG_WARN_OBJC_LITERAL_CONVERSION = YES;
				CLANG_WARN_OBJC_ROOT_CLASS = YES_ERROR;
				CLANG_WARN_QUOTED_INCLUDE_IN_FRAMEWORK_HEADER = YES;
				CLANG_WARN_RANGE_LOOP_ANALYSIS = YES;
				CLANG_WARN_STRICT_PROTOTYPES = YES;
				CLANG_WARN_SUSPICIOUS_MOVE = YES;
				CLANG_WARN_UNGUARDED_AVAILABILITY = YES_AGGRESSIVE;
				CLANG_WARN_UNREACHABLE_CODE = YES;
				CLANG_WARN__DUPLICATE_METHOD_MATCH = YES;
				COPY_PHASE_STRIP = NO;
				DEBUG_INFORMATION_FORMAT = dwarf;
				ENABLE_STRICT_OBJC_MSGSEND = YES;
				ENABLE_TESTABILITY = YES;
				GCC_C_LANGUAGE_STANDARD = gnu11;
				GCC_DYNAMIC_NO_PIC = NO;
				GCC_NO_COMMON_BLOCKS = YES;
				GCC_OPTIMIZATION_LEVEL = 0;
				GCC_PREPROCESSOR_DEFINITIONS = (
					"DEBUG=1",
					"$(inherited)",
				);
				GCC_WARN_64_TO_32_BIT_CONVERSION = YES;
				GCC_WARN_ABOUT_RETURN_TYPE = YES_ERROR;
				GCC_WARN_UNDECLARED_SELECTOR = YES;
				GCC_WARN_UNINITIALIZED_AUTOS = YES_AGGRESSIVE;
				GCC_WARN_UNUSED_FUNCTION = YES;
				GCC_WARN_UNUSED_VARIABLE = YES;
				IPHONEOS_DEPLOYMENT_TARGET = 14.4;
				MTL_ENABLE_DEBUG_INFO = INCLUDE_SOURCE;
				MTL_FAST_MATH = YES;
				ONLY_ACTIVE_ARCH = YES;
				SDKROOT = iphoneos;
				SWIFT_ACTIVE_COMPILATION_CONDITIONS = DEBUG;
				SWIFT_OPTIMIZATION_LEVEL = "-Onone";
			};
			name = Debug;
		};
		90C2C88C25C0C0F90050D7FF /* Release */ = {
			isa = XCBuildConfiguration;
			buildSettings = {
				ALWAYS_SEARCH_USER_PATHS = NO;
				CLANG_ANALYZER_NONNULL = YES;
				CLANG_ANALYZER_NUMBER_OBJECT_CONVERSION = YES_AGGRESSIVE;
				CLANG_CXX_LANGUAGE_STANDARD = "gnu++14";
				CLANG_CXX_LIBRARY = "libc++";
				CLANG_ENABLE_MODULES = YES;
				CLANG_ENABLE_OBJC_ARC = YES;
				CLANG_ENABLE_OBJC_WEAK = YES;
				CLANG_WARN_BLOCK_CAPTURE_AUTORELEASING = YES;
				CLANG_WARN_BOOL_CONVERSION = YES;
				CLANG_WARN_COMMA = YES;
				CLANG_WARN_CONSTANT_CONVERSION = YES;
				CLANG_WARN_DEPRECATED_OBJC_IMPLEMENTATIONS = YES;
				CLANG_WARN_DIRECT_OBJC_ISA_USAGE = YES_ERROR;
				CLANG_WARN_DOCUMENTATION_COMMENTS = YES;
				CLANG_WARN_EMPTY_BODY = YES;
				CLANG_WARN_ENUM_CONVERSION = YES;
				CLANG_WARN_INFINITE_RECURSION = YES;
				CLANG_WARN_INT_CONVERSION = YES;
				CLANG_WARN_NON_LITERAL_NULL_CONVERSION = YES;
				CLANG_WARN_OBJC_IMPLICIT_RETAIN_SELF = YES;
				CLANG_WARN_OBJC_LITERAL_CONVERSION = YES;
				CLANG_WARN_OBJC_ROOT_CLASS = YES_ERROR;
				CLANG_WARN_QUOTED_INCLUDE_IN_FRAMEWORK_HEADER = YES;
				CLANG_WARN_RANGE_LOOP_ANALYSIS = YES;
				CLANG_WARN_STRICT_PROTOTYPES = YES;
				CLANG_WARN_SUSPICIOUS_MOVE = YES;
				CLANG_WARN_UNGUARDED_AVAILABILITY = YES_AGGRESSIVE;
				CLANG_WARN_UNREACHABLE_CODE = YES;
				CLANG_WARN__DUPLICATE_METHOD_MATCH = YES;
				COPY_PHASE_STRIP = NO;
				DEBUG_INFORMATION_FORMAT = "dwarf-with-dsym";
				ENABLE_NS_ASSERTIONS = NO;
				ENABLE_STRICT_OBJC_MSGSEND = YES;
				GCC_C_LANGUAGE_STANDARD = gnu11;
				GCC_NO_COMMON_BLOCKS = YES;
				GCC_WARN_64_TO_32_BIT_CONVERSION = YES;
				GCC_WARN_ABOUT_RETURN_TYPE = YES_ERROR;
				GCC_WARN_UNDECLARED_SELECTOR = YES;
				GCC_WARN_UNINITIALIZED_AUTOS = YES_AGGRESSIVE;
				GCC_WARN_UNUSED_FUNCTION = YES;
				GCC_WARN_UNUSED_VARIABLE = YES;
				IPHONEOS_DEPLOYMENT_TARGET = 14.4;
				MTL_ENABLE_DEBUG_INFO = NO;
				MTL_FAST_MATH = YES;
				SDKROOT = iphoneos;
				SWIFT_COMPILATION_MODE = wholemodule;
				SWIFT_OPTIMIZATION_LEVEL = "-O";
				VALIDATE_PRODUCT = YES;
			};
			name = Release;
		};
		90C2C88E25C0C0F90050D7FF /* Debug */ = {
			isa = XCBuildConfiguration;
			buildSettings = {
				ASSETCATALOG_COMPILER_APPICON_NAME = AppIcon;
				ASSETCATALOG_COMPILER_GLOBAL_ACCENT_COLOR_NAME = AccentColor;
				CODE_SIGN_STYLE = Automatic;
				DEVELOPMENT_TEAM = M28B8923AA;
				INFOPLIST_FILE = UnitTestPractice/Info.plist;
				LD_RUNPATH_SEARCH_PATHS = (
					"$(inherited)",
					"@executable_path/Frameworks",
				);
				PRODUCT_BUNDLE_IDENTIFIER = com.lawrencedizon.UnitTestPractice;
				PRODUCT_NAME = "$(TARGET_NAME)";
				SWIFT_VERSION = 5.0;
				TARGETED_DEVICE_FAMILY = "1,2";
			};
			name = Debug;
		};
		90C2C88F25C0C0F90050D7FF /* Release */ = {
			isa = XCBuildConfiguration;
			buildSettings = {
				ASSETCATALOG_COMPILER_APPICON_NAME = AppIcon;
				ASSETCATALOG_COMPILER_GLOBAL_ACCENT_COLOR_NAME = AccentColor;
				CODE_SIGN_STYLE = Automatic;
				DEVELOPMENT_TEAM = M28B8923AA;
				INFOPLIST_FILE = UnitTestPractice/Info.plist;
				LD_RUNPATH_SEARCH_PATHS = (
					"$(inherited)",
					"@executable_path/Frameworks",
				);
				PRODUCT_BUNDLE_IDENTIFIER = com.lawrencedizon.UnitTestPractice;
				PRODUCT_NAME = "$(TARGET_NAME)";
				SWIFT_VERSION = 5.0;
				TARGETED_DEVICE_FAMILY = "1,2";
			};
			name = Release;
		};
		90C2C89125C0C0F90050D7FF /* Debug */ = {
			isa = XCBuildConfiguration;
			buildSettings = {
				ALWAYS_EMBED_SWIFT_STANDARD_LIBRARIES = YES;
				BUNDLE_LOADER = "$(TEST_HOST)";
				CODE_SIGN_STYLE = Automatic;
				DEVELOPMENT_TEAM = M28B8923AA;
				INFOPLIST_FILE = UnitTestPracticeTests/Info.plist;
				IPHONEOS_DEPLOYMENT_TARGET = 14.4;
				LD_RUNPATH_SEARCH_PATHS = (
					"$(inherited)",
					"@executable_path/Frameworks",
					"@loader_path/Frameworks",
				);
				PRODUCT_BUNDLE_IDENTIFIER = com.lawrencedizon.UnitTestPracticeTests;
				PRODUCT_NAME = "$(TARGET_NAME)";
				SWIFT_VERSION = 5.0;
				TARGETED_DEVICE_FAMILY = "1,2";
				TEST_HOST = "$(BUILT_PRODUCTS_DIR)/UnitTestPractice.app/UnitTestPractice";
			};
			name = Debug;
		};
		90C2C89225C0C0F90050D7FF /* Release */ = {
			isa = XCBuildConfiguration;
			buildSettings = {
				ALWAYS_EMBED_SWIFT_STANDARD_LIBRARIES = YES;
				BUNDLE_LOADER = "$(TEST_HOST)";
				CODE_SIGN_STYLE = Automatic;
				DEVELOPMENT_TEAM = M28B8923AA;
				INFOPLIST_FILE = UnitTestPracticeTests/Info.plist;
				IPHONEOS_DEPLOYMENT_TARGET = 14.4;
				LD_RUNPATH_SEARCH_PATHS = (
					"$(inherited)",
					"@executable_path/Frameworks",
					"@loader_path/Frameworks",
				);
				PRODUCT_BUNDLE_IDENTIFIER = com.lawrencedizon.UnitTestPracticeTests;
				PRODUCT_NAME = "$(TARGET_NAME)";
				SWIFT_VERSION = 5.0;
				TARGETED_DEVICE_FAMILY = "1,2";
				TEST_HOST = "$(BUILT_PRODUCTS_DIR)/UnitTestPractice.app/UnitTestPractice";
			};
			name = Release;
		};
		90C2C89425C0C0F90050D7FF /* Debug */ = {
			isa = XCBuildConfiguration;
			buildSettings = {
				ALWAYS_EMBED_SWIFT_STANDARD_LIBRARIES = YES;
				CODE_SIGN_STYLE = Automatic;
				DEVELOPMENT_TEAM = M28B8923AA;
				INFOPLIST_FILE = UnitTestPracticeUITests/Info.plist;
				LD_RUNPATH_SEARCH_PATHS = (
					"$(inherited)",
					"@executable_path/Frameworks",
					"@loader_path/Frameworks",
				);
				PRODUCT_BUNDLE_IDENTIFIER = com.lawrencedizon.UnitTestPracticeUITests;
				PRODUCT_NAME = "$(TARGET_NAME)";
				SWIFT_VERSION = 5.0;
				TARGETED_DEVICE_FAMILY = "1,2";
				TEST_TARGET_NAME = UnitTestPractice;
			};
			name = Debug;
		};
		90C2C89525C0C0F90050D7FF /* Release */ = {
			isa = XCBuildConfiguration;
			buildSettings = {
				ALWAYS_EMBED_SWIFT_STANDARD_LIBRARIES = YES;
				CODE_SIGN_STYLE = Automatic;
				DEVELOPMENT_TEAM = M28B8923AA;
				INFOPLIST_FILE = UnitTestPracticeUITests/Info.plist;
				LD_RUNPATH_SEARCH_PATHS = (
					"$(inherited)",
					"@executable_path/Frameworks",
					"@loader_path/Frameworks",
				);
				PRODUCT_BUNDLE_IDENTIFIER = com.lawrencedizon.UnitTestPracticeUITests;
				PRODUCT_NAME = "$(TARGET_NAME)";
				SWIFT_VERSION = 5.0;
				TARGETED_DEVICE_FAMILY = "1,2";
				TEST_TARGET_NAME = UnitTestPractice;
			};
			name = Release;
		};
/* End XCBuildConfiguration section */

/* Begin XCConfigurationList section */
		90C2C85E25C0C0F70050D7FF /* Build configuration list for PBXProject "UnitTestPractice" */ = {
			isa = XCConfigurationList;
			buildConfigurations = (
				90C2C88B25C0C0F90050D7FF /* Debug */,
				90C2C88C25C0C0F90050D7FF /* Release */,
			);
			defaultConfigurationIsVisible = 0;
			defaultConfigurationName = Release;
		};
		90C2C88D25C0C0F90050D7FF /* Build configuration list for PBXNativeTarget "UnitTestPractice" */ = {
			isa = XCConfigurationList;
			buildConfigurations = (
				90C2C88E25C0C0F90050D7FF /* Debug */,
				90C2C88F25C0C0F90050D7FF /* Release */,
			);
			defaultConfigurationIsVisible = 0;
			defaultConfigurationName = Release;
		};
		90C2C89025C0C0F90050D7FF /* Build configuration list for PBXNativeTarget "UnitTestPracticeTests" */ = {
			isa = XCConfigurationList;
			buildConfigurations = (
				90C2C89125C0C0F90050D7FF /* Debug */,
				90C2C89225C0C0F90050D7FF /* Release */,
			);
			defaultConfigurationIsVisible = 0;
			defaultConfigurationName = Release;
		};
		90C2C89325C0C0F90050D7FF /* Build configuration list for PBXNativeTarget "UnitTestPracticeUITests" */ = {
			isa = XCConfigurationList;
			buildConfigurations = (
				90C2C89425C0C0F90050D7FF /* Debug */,
				90C2C89525C0C0F90050D7FF /* Release */,
			);
			defaultConfigurationIsVisible = 0;
			defaultConfigurationName = Release;
		};
/* End XCConfigurationList section */
	};
	rootObject = 90C2C85B25C0C0F70050D7FF /* Project object */;
}
