// !$*UTF8*$!
{
	archiveVersion = 1;
	classes = {
	};
	objectVersion = 50;
	objects = {

/* Begin PBXBuildFile section */
		90407E0824E350C4009160A3 /* AppDelegate.swift in Sources */ = {isa = PBXBuildFile; fileRef = 90407E0724E350C4009160A3 /* AppDelegate.swift */; };
		90407E0A24E350C4009160A3 /* SceneDelegate.swift in Sources */ = {isa = PBXBuildFile; fileRef = 90407E0924E350C4009160A3 /* SceneDelegate.swift */; };
		90407E0C24E350C4009160A3 /* HomeViewController.swift in Sources */ = {isa = PBXBuildFile; fileRef = 90407E0B24E350C4009160A3 /* HomeViewController.swift */; };
		90407E0F24E350C4009160A3 /* Main.storyboard in Resources */ = {isa = PBXBuildFile; fileRef = 90407E0D24E350C4009160A3 /* Main.storyboard */; };
		90407E1124E350C6009160A3 /* Assets.xcassets in Resources */ = {isa = PBXBuildFile; fileRef = 90407E1024E350C6009160A3 /* Assets.xcassets */; };
		90407E1424E350C6009160A3 /* LaunchScreen.storyboard in Resources */ = {isa = PBXBuildFile; fileRef = 90407E1224E350C6009160A3 /* LaunchScreen.storyboard */; };
		90407E2024E3578B009160A3 /* Profile.swift in Sources */ = {isa = PBXBuildFile; fileRef = 90407E1F24E3578B009160A3 /* Profile.swift */; };
		90407E2224E35CE2009160A3 /* Profiles.swift in Sources */ = {isa = PBXBuildFile; fileRef = 90407E2124E35CE2009160A3 /* Profiles.swift */; };
		90407E2424E3648D009160A3 /* MusicPlaylistViewController.swift in Sources */ = {isa = PBXBuildFile; fileRef = 90407E2324E3648D009160A3 /* MusicPlaylistViewController.swift */; };
		90407E2624E369D0009160A3 /* LearnViewController.swift in Sources */ = {isa = PBXBuildFile; fileRef = 90407E2524E369D0009160A3 /* LearnViewController.swift */; };
		906BC1B524E8776600901350 /* Video.swift in Sources */ = {isa = PBXBuildFile; fileRef = 906BC1B424E8776600901350 /* Video.swift */; };
		906BC1B724E87A7B00901350 /* VideoCollectionViewCell.swift in Sources */ = {isa = PBXBuildFile; fileRef = 906BC1B624E87A7B00901350 /* VideoCollectionViewCell.swift */; };
/* End PBXBuildFile section */

/* Begin PBXFileReference section */
		90407E0424E350C4009160A3 /* Breakdance App.app */ = {isa = PBXFileReference; explicitFileType = wrapper.application; includeInIndex = 0; path = "Breakdance App.app"; sourceTree = BUILT_PRODUCTS_DIR; };
		90407E0724E350C4009160A3 /* AppDelegate.swift */ = {isa = PBXFileReference; lastKnownFileType = sourcecode.swift; path = AppDelegate.swift; sourceTree = "<group>"; };
		90407E0924E350C4009160A3 /* SceneDelegate.swift */ = {isa = PBXFileReference; lastKnownFileType = sourcecode.swift; path = SceneDelegate.swift; sourceTree = "<group>"; };
		90407E0B24E350C4009160A3 /* HomeViewController.swift */ = {isa = PBXFileReference; lastKnownFileType = sourcecode.swift; path = HomeViewController.swift; sourceTree = "<group>"; };
		90407E0E24E350C4009160A3 /* Base */ = {isa = PBXFileReference; lastKnownFileType = file.storyboard; name = Base; path = Base.lproj/Main.storyboard; sourceTree = "<group>"; };
		90407E1024E350C6009160A3 /* Assets.xcassets */ = {isa = PBXFileReference; lastKnownFileType = folder.assetcatalog; path = Assets.xcassets; sourceTree = "<group>"; };
		90407E1324E350C6009160A3 /* Base */ = {isa = PBXFileReference; lastKnownFileType = file.storyboard; name = Base; path = Base.lproj/LaunchScreen.storyboard; sourceTree = "<group>"; };
		90407E1524E350C6009160A3 /* Info.plist */ = {isa = PBXFileReference; lastKnownFileType = text.plist.xml; path = Info.plist; sourceTree = "<group>"; };
		90407E1F24E3578B009160A3 /* Profile.swift */ = {isa = PBXFileReference; lastKnownFileType = sourcecode.swift; path = Profile.swift; sourceTree = "<group>"; };
		90407E2124E35CE2009160A3 /* Profiles.swift */ = {isa = PBXFileReference; lastKnownFileType = sourcecode.swift; path = Profiles.swift; sourceTree = "<group>"; };
		90407E2324E3648D009160A3 /* MusicPlaylistViewController.swift */ = {isa = PBXFileReference; lastKnownFileType = sourcecode.swift; path = MusicPlaylistViewController.swift; sourceTree = "<group>"; };
		90407E2524E369D0009160A3 /* LearnViewController.swift */ = {isa = PBXFileReference; lastKnownFileType = sourcecode.swift; path = LearnViewController.swift; sourceTree = "<group>"; };
		906BC1B424E8776600901350 /* Video.swift */ = {isa = PBXFileReference; lastKnownFileType = sourcecode.swift; path = Video.swift; sourceTree = "<group>"; };
		906BC1B624E87A7B00901350 /* VideoCollectionViewCell.swift */ = {isa = PBXFileReference; lastKnownFileType = sourcecode.swift; path = VideoCollectionViewCell.swift; sourceTree = "<group>"; };
/* End PBXFileReference section */

/* Begin PBXFrameworksBuildPhase section */
		90407E0124E350C4009160A3 /* Frameworks */ = {
			isa = PBXFrameworksBuildPhase;
			buildActionMask = 2147483647;
			files = (
			);
			runOnlyForDeploymentPostprocessing = 0;
		};
/* End PBXFrameworksBuildPhase section */

/* Begin PBXGroup section */
		90407DFB24E350C4009160A3 = {
			isa = PBXGroup;
			children = (
				90407E0624E350C4009160A3 /* Breakdance App */,
				90407E0524E350C4009160A3 /* Products */,
			);
			sourceTree = "<group>";
		};
		90407E0524E350C4009160A3 /* Products */ = {
			isa = PBXGroup;
			children = (
				90407E0424E350C4009160A3 /* Breakdance App.app */,
			);
			name = Products;
			sourceTree = "<group>";
		};
		90407E0624E350C4009160A3 /* Breakdance App */ = {
			isa = PBXGroup;
			children = (
				90407E0724E350C4009160A3 /* AppDelegate.swift */,
				90407E0924E350C4009160A3 /* SceneDelegate.swift */,
				90407E1524E350C6009160A3 /* Info.plist */,
				90407E1B24E356F4009160A3 /* Model */,
				90407E1C24E356F9009160A3 /* View */,
				90407E1D24E35717009160A3 /* Controller */,
				90407E1E24E3574A009160A3 /* Resources */,
			);
			path = "Breakdance App";
			sourceTree = "<group>";
		};
		90407E1B24E356F4009160A3 /* Model */ = {
			isa = PBXGroup;
			children = (
				90407E1F24E3578B009160A3 /* Profile.swift */,
				90407E2124E35CE2009160A3 /* Profiles.swift */,
				906BC1B424E8776600901350 /* Video.swift */,
			);
			path = Model;
			sourceTree = "<group>";
		};
		90407E1C24E356F9009160A3 /* View */ = {
			isa = PBXGroup;
			children = (
				906BC1B624E87A7B00901350 /* VideoCollectionViewCell.swift */,
			);
			path = View;
			sourceTree = "<group>";
		};
		90407E1D24E35717009160A3 /* Controller */ = {
			isa = PBXGroup;
			children = (
				90407E0B24E350C4009160A3 /* HomeViewController.swift */,
				90407E2324E3648D009160A3 /* MusicPlaylistViewController.swift */,
				90407E2524E369D0009160A3 /* LearnViewController.swift */,
			);
			path = Controller;
			sourceTree = "<group>";
		};
		90407E1E24E3574A009160A3 /* Resources */ = {
			isa = PBXGroup;
			children = (
				90407E1024E350C6009160A3 /* Assets.xcassets */,
				90407E0D24E350C4009160A3 /* Main.storyboard */,
				90407E1224E350C6009160A3 /* LaunchScreen.storyboard */,
			);
			path = Resources;
			sourceTree = "<group>";
		};
/* End PBXGroup section */

/* Begin PBXNativeTarget section */
		90407E0324E350C4009160A3 /* Breakdance App */ = {
			isa = PBXNativeTarget;
			buildConfigurationList = 90407E1824E350C6009160A3 /* Build configuration list for PBXNativeTarget "Breakdance App" */;
			buildPhases = (
				90407E0024E350C4009160A3 /* Sources */,
				90407E0124E350C4009160A3 /* Frameworks */,
				90407E0224E350C4009160A3 /* Resources */,
			);
			buildRules = (
			);
			dependencies = (
			);
			name = "Breakdance App";
			productName = "Breakdance App";
			productReference = 90407E0424E350C4009160A3 /* Breakdance App.app */;
			productType = "com.apple.product-type.application";
		};
/* End PBXNativeTarget section */

/* Begin PBXProject section */
		90407DFC24E350C4009160A3 /* Project object */ = {
			isa = PBXProject;
			attributes = {
				LastSwiftUpdateCheck = 1160;
				LastUpgradeCheck = 1160;
				ORGANIZATIONNAME = "Lawrence Dizon";
				TargetAttributes = {
					90407E0324E350C4009160A3 = {
						CreatedOnToolsVersion = 11.6;
					};
				};
			};
			buildConfigurationList = 90407DFF24E350C4009160A3 /* Build configuration list for PBXProject "Breakdance App" */;
			compatibilityVersion = "Xcode 9.3";
			developmentRegion = en;
			hasScannedForEncodings = 0;
			knownRegions = (
				en,
				Base,
			);
			mainGroup = 90407DFB24E350C4009160A3;
			productRefGroup = 90407E0524E350C4009160A3 /* Products */;
			projectDirPath = "";
			projectRoot = "";
			targets = (
				90407E0324E350C4009160A3 /* Breakdance App */,
			);
		};
/* End PBXProject section */

/* Begin PBXResourcesBuildPhase section */
		90407E0224E350C4009160A3 /* Resources */ = {
			isa = PBXResourcesBuildPhase;
			buildActionMask = 2147483647;
			files = (
				90407E1424E350C6009160A3 /* LaunchScreen.storyboard in Resources */,
				90407E1124E350C6009160A3 /* Assets.xcassets in Resources */,
				90407E0F24E350C4009160A3 /* Main.storyboard in Resources */,
			);
			runOnlyForDeploymentPostprocessing = 0;
		};
/* End PBXResourcesBuildPhase section */

/* Begin PBXSourcesBuildPhase section */
		90407E0024E350C4009160A3 /* Sources */ = {
			isa = PBXSourcesBuildPhase;
			buildActionMask = 2147483647;
			files = (
				906BC1B724E87A7B00901350 /* VideoCollectionViewCell.swift in Sources */,
				90407E2624E369D0009160A3 /* LearnViewController.swift in Sources */,
				90407E0C24E350C4009160A3 /* HomeViewController.swift in Sources */,
				90407E2024E3578B009160A3 /* Profile.swift in Sources */,
				90407E0824E350C4009160A3 /* AppDelegate.swift in Sources */,
				90407E0A24E350C4009160A3 /* SceneDelegate.swift in Sources */,
				906BC1B524E8776600901350 /* Video.swift in Sources */,
				90407E2424E3648D009160A3 /* MusicPlaylistViewController.swift in Sources */,
				90407E2224E35CE2009160A3 /* Profiles.swift in Sources */,
			);
			runOnlyForDeploymentPostprocessing = 0;
		};
/* End PBXSourcesBuildPhase section */

/* Begin PBXVariantGroup section */
		90407E0D24E350C4009160A3 /* Main.storyboard */ = {
			isa = PBXVariantGroup;
			children = (
				90407E0E24E350C4009160A3 /* Base */,
			);
			name = Main.storyboard;
			sourceTree = "<group>";
		};
		90407E1224E350C6009160A3 /* LaunchScreen.storyboard */ = {
			isa = PBXVariantGroup;
			children = (
				90407E1324E350C6009160A3 /* Base */,
			);
			name = LaunchScreen.storyboard;
			sourceTree = "<group>";
		};
/* End PBXVariantGroup section */

/* Begin XCBuildConfiguration section */
		90407E1624E350C6009160A3 /* Debug */ = {
			isa = XCBuildConfiguration;
			buildSettings = {
				ALWAYS_SEARCH_USER_PATHS = NO;
				CLANG_ANALYZER_NONNULL = YES;
				CLANG_ANALYZER_NUMBER_OBJECT_CONVERSION = YES_AGGRESSIVE;
				CLANG_CXX_LANGUAGE_STANDARD = "gnu++14";
				CLANG_CXX_LIBRARY = "libc++";
				CLANG_ENABLE_MODULES = YES;
				CLANG_ENABLE_OBJC_ARC = YES;
				CLANG_ENABLE_OBJC_WEAK = YES;
				CLANG_WARN_BLOCK_CAPTURE_AUTORELEASING = YES;
				CLANG_WARN_BOOL_CONVERSION = YES;
				CLANG_WARN_COMMA = YES;
				CLANG_WARN_CONSTANT_CONVERSION = YES;
				CLANG_WARN_DEPRECATED_OBJC_IMPLEMENTATIONS = YES;
				CLANG_WARN_DIRECT_OBJC_ISA_USAGE = YES_ERROR;
				CLANG_WARN_DOCUMENTATION_COMMENTS = YES;
				CLANG_WARN_EMPTY_BODY = YES;
				CLANG_WARN_ENUM_CONVERSION = YES;
				CLANG_WARN_INFINITE_RECURSION = YES;
				CLANG_WARN_INT_CONVERSION = YES;
				CLANG_WARN_NON_LITERAL_NULL_CONVERSION = YES;
				CLANG_WARN_OBJC_IMPLICIT_RETAIN_SELF = YES;
				CLANG_WARN_OBJC_LITERAL_CONVERSION = YES;
				CLANG_WARN_OBJC_ROOT_CLASS = YES_ERROR;
				CLANG_WARN_RANGE_LOOP_ANALYSIS = YES;
				CLANG_WARN_STRICT_PROTOTYPES = YES;
				CLANG_WARN_SUSPICIOUS_MOVE = YES;
				CLANG_WARN_UNGUARDED_AVAILABILITY = YES_AGGRESSIVE;
				CLANG_WARN_UNREACHABLE_CODE = YES;
				CLANG_WARN__DUPLICATE_METHOD_MATCH = YES;
				COPY_PHASE_STRIP = NO;
				DEBUG_INFORMATION_FORMAT = dwarf;
				ENABLE_STRICT_OBJC_MSGSEND = YES;
				ENABLE_TESTABILITY = YES;
				GCC_C_LANGUAGE_STANDARD = gnu11;
				GCC_DYNAMIC_NO_PIC = NO;
				GCC_NO_COMMON_BLOCKS = YES;
				GCC_OPTIMIZATION_LEVEL = 0;
				GCC_PREPROCESSOR_DEFINITIONS = (
					"DEBUG=1",
					"$(inherited)",
				);
				GCC_WARN_64_TO_32_BIT_CONVERSION = YES;
				GCC_WARN_ABOUT_RETURN_TYPE = YES_ERROR;
				GCC_WARN_UNDECLARED_SELECTOR = YES;
				GCC_WARN_UNINITIALIZED_AUTOS = YES_AGGRESSIVE;
				GCC_WARN_UNUSED_FUNCTION = YES;
				GCC_WARN_UNUSED_VARIABLE = YES;
				IPHONEOS_DEPLOYMENT_TARGET = 13.6;
				MTL_ENABLE_DEBUG_INFO = INCLUDE_SOURCE;
				MTL_FAST_MATH = YES;
				ONLY_ACTIVE_ARCH = YES;
				SDKROOT = iphoneos;
				SWIFT_ACTIVE_COMPILATION_CONDITIONS = DEBUG;
				SWIFT_OPTIMIZATION_LEVEL = "-Onone";
			};
			name = Debug;
		};
		90407E1724E350C6009160A3 /* Release */ = {
			isa = XCBuildConfiguration;
			buildSettings = {
				ALWAYS_SEARCH_USER_PATHS = NO;
				CLANG_ANALYZER_NONNULL = YES;
				CLANG_ANALYZER_NUMBER_OBJECT_CONVERSION = YES_AGGRESSIVE;
				CLANG_CXX_LANGUAGE_STANDARD = "gnu++14";
				CLANG_CXX_LIBRARY = "libc++";
				CLANG_ENABLE_MODULES = YES;
				CLANG_ENABLE_OBJC_ARC = YES;
				CLANG_ENABLE_OBJC_WEAK = YES;
				CLANG_WARN_BLOCK_CAPTURE_AUTORELEASING = YES;
				CLANG_WARN_BOOL_CONVERSION = YES;
				CLANG_WARN_COMMA = YES;
				CLANG_WARN_CONSTANT_CONVERSION = YES;
				CLANG_WARN_DEPRECATED_OBJC_IMPLEMENTATIONS = YES;
				CLANG_WARN_DIRECT_OBJC_ISA_USAGE = YES_ERROR;
				CLANG_WARN_DOCUMENTATION_COMMENTS = YES;
				CLANG_WARN_EMPTY_BODY = YES;
				CLANG_WARN_ENUM_CONVERSION = YES;
				CLANG_WARN_INFINITE_RECURSION = YES;
				CLANG_WARN_INT_CONVERSION = YES;
				CLANG_WARN_NON_LITERAL_NULL_CONVERSION = YES;
				CLANG_WARN_OBJC_IMPLICIT_RETAIN_SELF = YES;
				CLANG_WARN_OBJC_LITERAL_CONVERSION = YES;
				CLANG_WARN_OBJC_ROOT_CLASS = YES_ERROR;
				CLANG_WARN_RANGE_LOOP_ANALYSIS = YES;
				CLANG_WARN_STRICT_PROTOTYPES = YES;
				CLANG_WARN_SUSPICIOUS_MOVE = YES;
				CLANG_WARN_UNGUARDED_AVAILABILITY = YES_AGGRESSIVE;
				CLANG_WARN_UNREACHABLE_CODE = YES;
				CLANG_WARN__DUPLICATE_METHOD_MATCH = YES;
				COPY_PHASE_STRIP = NO;
				DEBUG_INFORMATION_FORMAT = "dwarf-with-dsym";
				ENABLE_NS_ASSERTIONS = NO;
				ENABLE_STRICT_OBJC_MSGSEND = YES;
				GCC_C_LANGUAGE_STANDARD = gnu11;
				GCC_NO_COMMON_BLOCKS = YES;
				GCC_WARN_64_TO_32_BIT_CONVERSION = YES;
				GCC_WARN_ABOUT_RETURN_TYPE = YES_ERROR;
				GCC_WARN_UNDECLARED_SELECTOR = YES;
				GCC_WARN_UNINITIALIZED_AUTOS = YES_AGGRESSIVE;
				GCC_WARN_UNUSED_FUNCTION = YES;
				GCC_WARN_UNUSED_VARIABLE = YES;
				IPHONEOS_DEPLOYMENT_TARGET = 13.6;
				MTL_ENABLE_DEBUG_INFO = NO;
				MTL_FAST_MATH = YES;
				SDKROOT = iphoneos;
				SWIFT_COMPILATION_MODE = wholemodule;
				SWIFT_OPTIMIZATION_LEVEL = "-O";
				VALIDATE_PRODUCT = YES;
			};
			name = Release;
		};
		90407E1924E350C6009160A3 /* Debug */ = {
			isa = XCBuildConfiguration;
			buildSettings = {
				ASSETCATALOG_COMPILER_APPICON_NAME = AppIcon;
				CODE_SIGN_STYLE = Automatic;
				DEVELOPMENT_TEAM = 8ZSHW5Q87H;
				INFOPLIST_FILE = "Breakdance App/Info.plist";
				LD_RUNPATH_SEARCH_PATHS = (
					"$(inherited)",
					"@executable_path/Frameworks",
				);
				PRODUCT_BUNDLE_IDENTIFIER = "Lawrence-Dizon.Breakdance-App";
				PRODUCT_NAME = "$(TARGET_NAME)";
				SWIFT_VERSION = 5.0;
				TARGETED_DEVICE_FAMILY = "1,2";
			};
			name = Debug;
		};
		90407E1A24E350C6009160A3 /* Release */ = {
			isa = XCBuildConfiguration;
			buildSettings = {
				ASSETCATALOG_COMPILER_APPICON_NAME = AppIcon;
				CODE_SIGN_STYLE = Automatic;
				DEVELOPMENT_TEAM = 8ZSHW5Q87H;
				INFOPLIST_FILE = "Breakdance App/Info.plist";
				LD_RUNPATH_SEARCH_PATHS = (
					"$(inherited)",
					"@executable_path/Frameworks",
				);
				PRODUCT_BUNDLE_IDENTIFIER = "Lawrence-Dizon.Breakdance-App";
				PRODUCT_NAME = "$(TARGET_NAME)";
				SWIFT_VERSION = 5.0;
				TARGETED_DEVICE_FAMILY = "1,2";
			};
			name = Release;
		};
/* End XCBuildConfiguration section */

/* Begin XCConfigurationList section */
		90407DFF24E350C4009160A3 /* Build configuration list for PBXProject "Breakdance App" */ = {
			isa = XCConfigurationList;
			buildConfigurations = (
				90407E1624E350C6009160A3 /* Debug */,
				90407E1724E350C6009160A3 /* Release */,
			);
			defaultConfigurationIsVisible = 0;
			defaultConfigurationName = Release;
		};
		90407E1824E350C6009160A3 /* Build configuration list for PBXNativeTarget "Breakdance App" */ = {
			isa = XCConfigurationList;
			buildConfigurations = (
				90407E1924E350C6009160A3 /* Debug */,
				90407E1A24E350C6009160A3 /* Release */,
			);
			defaultConfigurationIsVisible = 0;
			defaultConfigurationName = Release;
		};
/* End XCConfigurationList section */
	};
	rootObject = 90407DFC24E350C4009160A3 /* Project object */;
}
