// !$*UTF8*$!
{
	archiveVersion = 1;
	classes = {
	};
	objectVersion = 50;
	objects = {

/* Begin PBXBuildFile section */
		90B60CAB25E04E0D0045A727 /* AppDelegate.swift in Sources */ = {isa = PBXBuildFile; fileRef = 90B60CAA25E04E0D0045A727 /* AppDelegate.swift */; };
		90B60CAD25E04E0D0045A727 /* SceneDelegate.swift in Sources */ = {isa = PBXBuildFile; fileRef = 90B60CAC25E04E0D0045A727 /* SceneDelegate.swift */; };
		90B60CAF25E04E0D0045A727 /* ViewController.swift in Sources */ = {isa = PBXBuildFile; fileRef = 90B60CAE25E04E0D0045A727 /* ViewController.swift */; };
		90B60CB225E04E0D0045A727 /* Main.storyboard in Resources */ = {isa = PBXBuildFile; fileRef = 90B60CB025E04E0D0045A727 /* Main.storyboard */; };
		90B60CB425E04E0D0045A727 /* Assets.xcassets in Resources */ = {isa = PBXBuildFile; fileRef = 90B60CB325E04E0D0045A727 /* Assets.xcassets */; };
		90B60CB725E04E0D0045A727 /* LaunchScreen.storyboard in Resources */ = {isa = PBXBuildFile; fileRef = 90B60CB525E04E0D0045A727 /* LaunchScreen.storyboard */; };
		D87E4F3F71DDB6702D63645B /* Pods_SimpleYoutubePlayer.framework in Frameworks */ = {isa = PBXBuildFile; fileRef = 0BBAB25C47488E431C1B6254 /* Pods_SimpleYoutubePlayer.framework */; };
/* End PBXBuildFile section */

/* Begin PBXFileReference section */
		0BBAB25C47488E431C1B6254 /* Pods_SimpleYoutubePlayer.framework */ = {isa = PBXFileReference; explicitFileType = wrapper.framework; includeInIndex = 0; path = Pods_SimpleYoutubePlayer.framework; sourceTree = BUILT_PRODUCTS_DIR; };
		29BC413B76359192A1290758 /* Pods-SimpleYoutubePlayer.release.xcconfig */ = {isa = PBXFileReference; includeInIndex = 1; lastKnownFileType = text.xcconfig; name = "Pods-SimpleYoutubePlayer.release.xcconfig"; path = "Target Support Files/Pods-SimpleYoutubePlayer/Pods-SimpleYoutubePlayer.release.xcconfig"; sourceTree = "<group>"; };
		3233A9B11FE83C5D8E0E2CAD /* Pods-SimpleYoutubePlayer.debug.xcconfig */ = {isa = PBXFileReference; includeInIndex = 1; lastKnownFileType = text.xcconfig; name = "Pods-SimpleYoutubePlayer.debug.xcconfig"; path = "Target Support Files/Pods-SimpleYoutubePlayer/Pods-SimpleYoutubePlayer.debug.xcconfig"; sourceTree = "<group>"; };
		90B60CA725E04E0D0045A727 /* SimpleYoutubePlayer.app */ = {isa = PBXFileReference; explicitFileType = wrapper.application; includeInIndex = 0; path = SimpleYoutubePlayer.app; sourceTree = BUILT_PRODUCTS_DIR; };
		90B60CAA25E04E0D0045A727 /* AppDelegate.swift */ = {isa = PBXFileReference; lastKnownFileType = sourcecode.swift; path = AppDelegate.swift; sourceTree = "<group>"; };
		90B60CAC25E04E0D0045A727 /* SceneDelegate.swift */ = {isa = PBXFileReference; lastKnownFileType = sourcecode.swift; path = SceneDelegate.swift; sourceTree = "<group>"; };
		90B60CAE25E04E0D0045A727 /* ViewController.swift */ = {isa = PBXFileReference; lastKnownFileType = sourcecode.swift; path = ViewController.swift; sourceTree = "<group>"; };
		90B60CB125E04E0D0045A727 /* Base */ = {isa = PBXFileReference; lastKnownFileType = file.storyboard; name = Base; path = Base.lproj/Main.storyboard; sourceTree = "<group>"; };
		90B60CB325E04E0D0045A727 /* Assets.xcassets */ = {isa = PBXFileReference; lastKnownFileType = folder.assetcatalog; path = Assets.xcassets; sourceTree = "<group>"; };
		90B60CB625E04E0D0045A727 /* Base */ = {isa = PBXFileReference; lastKnownFileType = file.storyboard; name = Base; path = Base.lproj/LaunchScreen.storyboard; sourceTree = "<group>"; };
		90B60CB825E04E0D0045A727 /* Info.plist */ = {isa = PBXFileReference; lastKnownFileType = text.plist.xml; path = Info.plist; sourceTree = "<group>"; };
/* End PBXFileReference section */

/* Begin PBXFrameworksBuildPhase section */
		90B60CA425E04E0D0045A727 /* Frameworks */ = {
			isa = PBXFrameworksBuildPhase;
			buildActionMask = 2147483647;
			files = (
				D87E4F3F71DDB6702D63645B /* Pods_SimpleYoutubePlayer.framework in Frameworks */,
			);
			runOnlyForDeploymentPostprocessing = 0;
		};
/* End PBXFrameworksBuildPhase section */

/* Begin PBXGroup section */
		34A79D3C95EC0004A83BCFE5 /* Frameworks */ = {
			isa = PBXGroup;
			children = (
				0BBAB25C47488E431C1B6254 /* Pods_SimpleYoutubePlayer.framework */,
			);
			name = Frameworks;
			sourceTree = "<group>";
		};
		52AC944679C1FBBA8EAF47FB /* Pods */ = {
			isa = PBXGroup;
			children = (
				3233A9B11FE83C5D8E0E2CAD /* Pods-SimpleYoutubePlayer.debug.xcconfig */,
				29BC413B76359192A1290758 /* Pods-SimpleYoutubePlayer.release.xcconfig */,
			);
			name = Pods;
			path = Pods;
			sourceTree = "<group>";
		};
		90B60C9E25E04E0D0045A727 = {
			isa = PBXGroup;
			children = (
				90B60CA925E04E0D0045A727 /* SimpleYoutubePlayer */,
				90B60CA825E04E0D0045A727 /* Products */,
				52AC944679C1FBBA8EAF47FB /* Pods */,
				34A79D3C95EC0004A83BCFE5 /* Frameworks */,
			);
			sourceTree = "<group>";
		};
		90B60CA825E04E0D0045A727 /* Products */ = {
			isa = PBXGroup;
			children = (
				90B60CA725E04E0D0045A727 /* SimpleYoutubePlayer.app */,
			);
			name = Products;
			sourceTree = "<group>";
		};
		90B60CA925E04E0D0045A727 /* SimpleYoutubePlayer */ = {
			isa = PBXGroup;
			children = (
				90B60CAA25E04E0D0045A727 /* AppDelegate.swift */,
				90B60CAC25E04E0D0045A727 /* SceneDelegate.swift */,
				90B60CAE25E04E0D0045A727 /* ViewController.swift */,
				90B60CB025E04E0D0045A727 /* Main.storyboard */,
				90B60CB325E04E0D0045A727 /* Assets.xcassets */,
				90B60CB525E04E0D0045A727 /* LaunchScreen.storyboard */,
				90B60CB825E04E0D0045A727 /* Info.plist */,
			);
			path = SimpleYoutubePlayer;
			sourceTree = "<group>";
		};
/* End PBXGroup section */

/* Begin PBXNativeTarget section */
		90B60CA625E04E0D0045A727 /* SimpleYoutubePlayer */ = {
			isa = PBXNativeTarget;
			buildConfigurationList = 90B60CBB25E04E0D0045A727 /* Build configuration list for PBXNativeTarget "SimpleYoutubePlayer" */;
			buildPhases = (
				17C70202249A5C84604650DA /* [CP] Check Pods Manifest.lock */,
				90B60CA325E04E0D0045A727 /* Sources */,
				90B60CA425E04E0D0045A727 /* Frameworks */,
				90B60CA525E04E0D0045A727 /* Resources */,
				5DB83D40CB6972259F31D475 /* [CP] Embed Pods Frameworks */,
			);
			buildRules = (
			);
			dependencies = (
			);
			name = SimpleYoutubePlayer;
			productName = SimpleYoutubePlayer;
			productReference = 90B60CA725E04E0D0045A727 /* SimpleYoutubePlayer.app */;
			productType = "com.apple.product-type.application";
		};
/* End PBXNativeTarget section */

/* Begin PBXProject section */
		90B60C9F25E04E0D0045A727 /* Project object */ = {
			isa = PBXProject;
			attributes = {
				LastSwiftUpdateCheck = 1240;
				LastUpgradeCheck = 1240;
				TargetAttributes = {
					90B60CA625E04E0D0045A727 = {
						CreatedOnToolsVersion = 12.4;
					};
				};
			};
			buildConfigurationList = 90B60CA225E04E0D0045A727 /* Build configuration list for PBXProject "SimpleYoutubePlayer" */;
			compatibilityVersion = "Xcode 9.3";
			developmentRegion = en;
			hasScannedForEncodings = 0;
			knownRegions = (
				en,
				Base,
			);
			mainGroup = 90B60C9E25E04E0D0045A727;
			productRefGroup = 90B60CA825E04E0D0045A727 /* Products */;
			projectDirPath = "";
			projectRoot = "";
			targets = (
				90B60CA625E04E0D0045A727 /* SimpleYoutubePlayer */,
			);
		};
/* End PBXProject section */

/* Begin PBXResourcesBuildPhase section */
		90B60CA525E04E0D0045A727 /* Resources */ = {
			isa = PBXResourcesBuildPhase;
			buildActionMask = 2147483647;
			files = (
				90B60CB725E04E0D0045A727 /* LaunchScreen.storyboard in Resources */,
				90B60CB425E04E0D0045A727 /* Assets.xcassets in Resources */,
				90B60CB225E04E0D0045A727 /* Main.storyboard in Resources */,
			);
			runOnlyForDeploymentPostprocessing = 0;
		};
/* End PBXResourcesBuildPhase section */

/* Begin PBXShellScriptBuildPhase section */
		17C70202249A5C84604650DA /* [CP] Check Pods Manifest.lock */ = {
			isa = PBXShellScriptBuildPhase;
			buildActionMask = 2147483647;
			files = (
			);
			inputFileListPaths = (
			);
			inputPaths = (
				"${PODS_PODFILE_DIR_PATH}/Podfile.lock",
				"${PODS_ROOT}/Manifest.lock",
			);
			name = "[CP] Check Pods Manifest.lock";
			outputFileListPaths = (
			);
			outputPaths = (
				"$(DERIVED_FILE_DIR)/Pods-SimpleYoutubePlayer-checkManifestLockResult.txt",
			);
			runOnlyForDeploymentPostprocessing = 0;
			shellPath = /bin/sh;
			shellScript = "diff \"${PODS_PODFILE_DIR_PATH}/Podfile.lock\" \"${PODS_ROOT}/Manifest.lock\" > /dev/null\nif [ $? != 0 ] ; then\n    # print error to STDERR\n    echo \"error: The sandbox is not in sync with the Podfile.lock. Run 'pod install' or update your CocoaPods installation.\" >&2\n    exit 1\nfi\n# This output is used by Xcode 'outputs' to avoid re-running this script phase.\necho \"SUCCESS\" > \"${SCRIPT_OUTPUT_FILE_0}\"\n";
			showEnvVarsInLog = 0;
		};
		5DB83D40CB6972259F31D475 /* [CP] Embed Pods Frameworks */ = {
			isa = PBXShellScriptBuildPhase;
			buildActionMask = 2147483647;
			files = (
			);
			inputFileListPaths = (
				"${PODS_ROOT}/Target Support Files/Pods-SimpleYoutubePlayer/Pods-SimpleYoutubePlayer-frameworks-${CONFIGURATION}-input-files.xcfilelist",
			);
			name = "[CP] Embed Pods Frameworks";
			outputFileListPaths = (
				"${PODS_ROOT}/Target Support Files/Pods-SimpleYoutubePlayer/Pods-SimpleYoutubePlayer-frameworks-${CONFIGURATION}-output-files.xcfilelist",
			);
			runOnlyForDeploymentPostprocessing = 0;
			shellPath = /bin/sh;
			shellScript = "\"${PODS_ROOT}/Target Support Files/Pods-SimpleYoutubePlayer/Pods-SimpleYoutubePlayer-frameworks.sh\"\n";
			showEnvVarsInLog = 0;
		};
/* End PBXShellScriptBuildPhase section */

/* Begin PBXSourcesBuildPhase section */
		90B60CA325E04E0D0045A727 /* Sources */ = {
			isa = PBXSourcesBuildPhase;
			buildActionMask = 2147483647;
			files = (
				90B60CAF25E04E0D0045A727 /* ViewController.swift in Sources */,
				90B60CAB25E04E0D0045A727 /* AppDelegate.swift in Sources */,
				90B60CAD25E04E0D0045A727 /* SceneDelegate.swift in Sources */,
			);
			runOnlyForDeploymentPostprocessing = 0;
		};
/* End PBXSourcesBuildPhase section */

/* Begin PBXVariantGroup section */
		90B60CB025E04E0D0045A727 /* Main.storyboard */ = {
			isa = PBXVariantGroup;
			children = (
				90B60CB125E04E0D0045A727 /* Base */,
			);
			name = Main.storyboard;
			sourceTree = "<group>";
		};
		90B60CB525E04E0D0045A727 /* LaunchScreen.storyboard */ = {
			isa = PBXVariantGroup;
			children = (
				90B60CB625E04E0D0045A727 /* Base */,
			);
			name = LaunchScreen.storyboard;
			sourceTree = "<group>";
		};
/* End PBXVariantGroup section */

/* Begin XCBuildConfiguration section */
		90B60CB925E04E0D0045A727 /* Debug */ = {
			isa = XCBuildConfiguration;
			buildSettings = {
				ALWAYS_SEARCH_USER_PATHS = NO;
				CLANG_ANALYZER_NONNULL = YES;
				CLANG_ANALYZER_NUMBER_OBJECT_CONVERSION = YES_AGGRESSIVE;
				CLANG_CXX_LANGUAGE_STANDARD = "gnu++14";
				CLANG_CXX_LIBRARY = "libc++";
				CLANG_ENABLE_MODULES = YES;
				CLANG_ENABLE_OBJC_ARC = YES;
				CLANG_ENABLE_OBJC_WEAK = YES;
				CLANG_WARN_BLOCK_CAPTURE_AUTORELEASING = YES;
				CLANG_WARN_BOOL_CONVERSION = YES;
				CLANG_WARN_COMMA = YES;
				CLANG_WARN_CONSTANT_CONVERSION = YES;
				CLANG_WARN_DEPRECATED_OBJC_IMPLEMENTATIONS = YES;
				CLANG_WARN_DIRECT_OBJC_ISA_USAGE = YES_ERROR;
				CLANG_WARN_DOCUMENTATION_COMMENTS = YES;
				CLANG_WARN_EMPTY_BODY = YES;
				CLANG_WARN_ENUM_CONVERSION = YES;
				CLANG_WARN_INFINITE_RECURSION = YES;
				CLANG_WARN_INT_CONVERSION = YES;
				CLANG_WARN_NON_LITERAL_NULL_CONVERSION = YES;
				CLANG_WARN_OBJC_IMPLICIT_RETAIN_SELF = YES;
				CLANG_WARN_OBJC_LITERAL_CONVERSION = YES;
				CLANG_WARN_OBJC_ROOT_CLASS = YES_ERROR;
				CLANG_WARN_QUOTED_INCLUDE_IN_FRAMEWORK_HEADER = YES;
				CLANG_WARN_RANGE_LOOP_ANALYSIS = YES;
				CLANG_WARN_STRICT_PROTOTYPES = YES;
				CLANG_WARN_SUSPICIOUS_MOVE = YES;
				CLANG_WARN_UNGUARDED_AVAILABILITY = YES_AGGRESSIVE;
				CLANG_WARN_UNREACHABLE_CODE = YES;
				CLANG_WARN__DUPLICATE_METHOD_MATCH = YES;
				COPY_PHASE_STRIP = NO;
				DEBUG_INFORMATION_FORMAT = dwarf;
				ENABLE_STRICT_OBJC_MSGSEND = YES;
				ENABLE_TESTABILITY = YES;
				GCC_C_LANGUAGE_STANDARD = gnu11;
				GCC_DYNAMIC_NO_PIC = NO;
				GCC_NO_COMMON_BLOCKS = YES;
				GCC_OPTIMIZATION_LEVEL = 0;
				GCC_PREPROCESSOR_DEFINITIONS = (
					"DEBUG=1",
					"$(inherited)",
				);
				GCC_WARN_64_TO_32_BIT_CONVERSION = YES;
				GCC_WARN_ABOUT_RETURN_TYPE = YES_ERROR;
				GCC_WARN_UNDECLARED_SELECTOR = YES;
				GCC_WARN_UNINITIALIZED_AUTOS = YES_AGGRESSIVE;
				GCC_WARN_UNUSED_FUNCTION = YES;
				GCC_WARN_UNUSED_VARIABLE = YES;
				IPHONEOS_DEPLOYMENT_TARGET = 14.4;
				MTL_ENABLE_DEBUG_INFO = INCLUDE_SOURCE;
				MTL_FAST_MATH = YES;
				ONLY_ACTIVE_ARCH = YES;
				SDKROOT = iphoneos;
				SWIFT_ACTIVE_COMPILATION_CONDITIONS = DEBUG;
				SWIFT_OPTIMIZATION_LEVEL = "-Onone";
			};
			name = Debug;
		};
		90B60CBA25E04E0D0045A727 /* Release */ = {
			isa = XCBuildConfiguration;
			buildSettings = {
				ALWAYS_SEARCH_USER_PATHS = NO;
				CLANG_ANALYZER_NONNULL = YES;
				CLANG_ANALYZER_NUMBER_OBJECT_CONVERSION = YES_AGGRESSIVE;
				CLANG_CXX_LANGUAGE_STANDARD = "gnu++14";
				CLANG_CXX_LIBRARY = "libc++";
				CLANG_ENABLE_MODULES = YES;
				CLANG_ENABLE_OBJC_ARC = YES;
				CLANG_ENABLE_OBJC_WEAK = YES;
				CLANG_WARN_BLOCK_CAPTURE_AUTORELEASING = YES;
				CLANG_WARN_BOOL_CONVERSION = YES;
				CLANG_WARN_COMMA = YES;
				CLANG_WARN_CONSTANT_CONVERSION = YES;
				CLANG_WARN_DEPRECATED_OBJC_IMPLEMENTATIONS = YES;
				CLANG_WARN_DIRECT_OBJC_ISA_USAGE = YES_ERROR;
				CLANG_WARN_DOCUMENTATION_COMMENTS = YES;
				CLANG_WARN_EMPTY_BODY = YES;
				CLANG_WARN_ENUM_CONVERSION = YES;
				CLANG_WARN_INFINITE_RECURSION = YES;
				CLANG_WARN_INT_CONVERSION = YES;
				CLANG_WARN_NON_LITERAL_NULL_CONVERSION = YES;
				CLANG_WARN_OBJC_IMPLICIT_RETAIN_SELF = YES;
				CLANG_WARN_OBJC_LITERAL_CONVERSION = YES;
				CLANG_WARN_OBJC_ROOT_CLASS = YES_ERROR;
				CLANG_WARN_QUOTED_INCLUDE_IN_FRAMEWORK_HEADER = YES;
				CLANG_WARN_RANGE_LOOP_ANALYSIS = YES;
				CLANG_WARN_STRICT_PROTOTYPES = YES;
				CLANG_WARN_SUSPICIOUS_MOVE = YES;
				CLANG_WARN_UNGUARDED_AVAILABILITY = YES_AGGRESSIVE;
				CLANG_WARN_UNREACHABLE_CODE = YES;
				CLANG_WARN__DUPLICATE_METHOD_MATCH = YES;
				COPY_PHASE_STRIP = NO;
				DEBUG_INFORMATION_FORMAT = "dwarf-with-dsym";
				ENABLE_NS_ASSERTIONS = NO;
				ENABLE_STRICT_OBJC_MSGSEND = YES;
				GCC_C_LANGUAGE_STANDARD = gnu11;
				GCC_NO_COMMON_BLOCKS = YES;
				GCC_WARN_64_TO_32_BIT_CONVERSION = YES;
				GCC_WARN_ABOUT_RETURN_TYPE = YES_ERROR;
				GCC_WARN_UNDECLARED_SELECTOR = YES;
				GCC_WARN_UNINITIALIZED_AUTOS = YES_AGGRESSIVE;
				GCC_WARN_UNUSED_FUNCTION = YES;
				GCC_WARN_UNUSED_VARIABLE = YES;
				IPHONEOS_DEPLOYMENT_TARGET = 14.4;
				MTL_ENABLE_DEBUG_INFO = NO;
				MTL_FAST_MATH = YES;
				SDKROOT = iphoneos;
				SWIFT_COMPILATION_MODE = wholemodule;
				SWIFT_OPTIMIZATION_LEVEL = "-O";
				VALIDATE_PRODUCT = YES;
			};
			name = Release;
		};
		90B60CBC25E04E0D0045A727 /* Debug */ = {
			isa = XCBuildConfiguration;
			baseConfigurationReference = 3233A9B11FE83C5D8E0E2CAD /* Pods-SimpleYoutubePlayer.debug.xcconfig */;
			buildSettings = {
				ASSETCATALOG_COMPILER_APPICON_NAME = AppIcon;
				ASSETCATALOG_COMPILER_GLOBAL_ACCENT_COLOR_NAME = AccentColor;
				CODE_SIGN_STYLE = Automatic;
				DEVELOPMENT_TEAM = M28B8923AA;
				INFOPLIST_FILE = SimpleYoutubePlayer/Info.plist;
				LD_RUNPATH_SEARCH_PATHS = (
					"$(inherited)",
					"@executable_path/Frameworks",
				);
				PRODUCT_BUNDLE_IDENTIFIER = com.lawrencedizon.SimpleYoutubePlayer;
				PRODUCT_NAME = "$(TARGET_NAME)";
				SWIFT_VERSION = 5.0;
				TARGETED_DEVICE_FAMILY = "1,2";
			};
			name = Debug;
		};
		90B60CBD25E04E0D0045A727 /* Release */ = {
			isa = XCBuildConfiguration;
			baseConfigurationReference = 29BC413B76359192A1290758 /* Pods-SimpleYoutubePlayer.release.xcconfig */;
			buildSettings = {
				ASSETCATALOG_COMPILER_APPICON_NAME = AppIcon;
				ASSETCATALOG_COMPILER_GLOBAL_ACCENT_COLOR_NAME = AccentColor;
				CODE_SIGN_STYLE = Automatic;
				DEVELOPMENT_TEAM = M28B8923AA;
				INFOPLIST_FILE = SimpleYoutubePlayer/Info.plist;
				LD_RUNPATH_SEARCH_PATHS = (
					"$(inherited)",
					"@executable_path/Frameworks",
				);
				PRODUCT_BUNDLE_IDENTIFIER = com.lawrencedizon.SimpleYoutubePlayer;
				PRODUCT_NAME = "$(TARGET_NAME)";
				SWIFT_VERSION = 5.0;
				TARGETED_DEVICE_FAMILY = "1,2";
			};
			name = Release;
		};
/* End XCBuildConfiguration section */

/* Begin XCConfigurationList section */
		90B60CA225E04E0D0045A727 /* Build configuration list for PBXProject "SimpleYoutubePlayer" */ = {
			isa = XCConfigurationList;
			buildConfigurations = (
				90B60CB925E04E0D0045A727 /* Debug */,
				90B60CBA25E04E0D0045A727 /* Release */,
			);
			defaultConfigurationIsVisible = 0;
			defaultConfigurationName = Release;
		};
		90B60CBB25E04E0D0045A727 /* Build configuration list for PBXNativeTarget "SimpleYoutubePlayer" */ = {
			isa = XCConfigurationList;
			buildConfigurations = (
				90B60CBC25E04E0D0045A727 /* Debug */,
				90B60CBD25E04E0D0045A727 /* Release */,
			);
			defaultConfigurationIsVisible = 0;
			defaultConfigurationName = Release;
		};
/* End XCConfigurationList section */
	};
	rootObject = 90B60C9F25E04E0D0045A727 /* Project object */;
}
