// !$*UTF8*$!
{
	archiveVersion = 1;
	classes = {
	};
	objectVersion = 50;
	objects = {

/* Begin PBXBuildFile section */
		900A9FCB24CFA7DD0038357C /* AppDelegate.swift in Sources */ = {isa = PBXBuildFile; fileRef = 900A9FCA24CFA7DD0038357C /* AppDelegate.swift */; };
		900A9FCD24CFA7DD0038357C /* SceneDelegate.swift in Sources */ = {isa = PBXBuildFile; fileRef = 900A9FCC24CFA7DD0038357C /* SceneDelegate.swift */; };
		900A9FCF24CFA7DD0038357C /* ViewController.swift in Sources */ = {isa = PBXBuildFile; fileRef = 900A9FCE24CFA7DD0038357C /* ViewController.swift */; };
		900A9FD224CFA7DD0038357C /* Main.storyboard in Resources */ = {isa = PBXBuildFile; fileRef = 900A9FD024CFA7DD0038357C /* Main.storyboard */; };
		900A9FD424CFA7DF0038357C /* Assets.xcassets in Resources */ = {isa = PBXBuildFile; fileRef = 900A9FD324CFA7DF0038357C /* Assets.xcassets */; };
		900A9FD724CFA7DF0038357C /* LaunchScreen.storyboard in Resources */ = {isa = PBXBuildFile; fileRef = 900A9FD524CFA7DF0038357C /* LaunchScreen.storyboard */; };
/* End PBXBuildFile section */

/* Begin PBXFileReference section */
		900A9FC724CFA7DD0038357C /* DoubleTapFeature.app */ = {isa = PBXFileReference; explicitFileType = wrapper.application; includeInIndex = 0; path = DoubleTapFeature.app; sourceTree = BUILT_PRODUCTS_DIR; };
		900A9FCA24CFA7DD0038357C /* AppDelegate.swift */ = {isa = PBXFileReference; lastKnownFileType = sourcecode.swift; path = AppDelegate.swift; sourceTree = "<group>"; };
		900A9FCC24CFA7DD0038357C /* SceneDelegate.swift */ = {isa = PBXFileReference; lastKnownFileType = sourcecode.swift; path = SceneDelegate.swift; sourceTree = "<group>"; };
		900A9FCE24CFA7DD0038357C /* ViewController.swift */ = {isa = PBXFileReference; lastKnownFileType = sourcecode.swift; path = ViewController.swift; sourceTree = "<group>"; };
		900A9FD124CFA7DD0038357C /* Base */ = {isa = PBXFileReference; lastKnownFileType = file.storyboard; name = Base; path = Base.lproj/Main.storyboard; sourceTree = "<group>"; };
		900A9FD324CFA7DF0038357C /* Assets.xcassets */ = {isa = PBXFileReference; lastKnownFileType = folder.assetcatalog; path = Assets.xcassets; sourceTree = "<group>"; };
		900A9FD624CFA7DF0038357C /* Base */ = {isa = PBXFileReference; lastKnownFileType = file.storyboard; name = Base; path = Base.lproj/LaunchScreen.storyboard; sourceTree = "<group>"; };
		900A9FD824CFA7DF0038357C /* Info.plist */ = {isa = PBXFileReference; lastKnownFileType = text.plist.xml; path = Info.plist; sourceTree = "<group>"; };
/* End PBXFileReference section */

/* Begin PBXFrameworksBuildPhase section */
		900A9FC424CFA7DD0038357C /* Frameworks */ = {
			isa = PBXFrameworksBuildPhase;
			buildActionMask = 2147483647;
			files = (
			);
			runOnlyForDeploymentPostprocessing = 0;
		};
/* End PBXFrameworksBuildPhase section */

/* Begin PBXGroup section */
		900A9FBE24CFA7DD0038357C = {
			isa = PBXGroup;
			children = (
				900A9FC924CFA7DD0038357C /* DoubleTapFeature */,
				900A9FC824CFA7DD0038357C /* Products */,
			);
			sourceTree = "<group>";
		};
		900A9FC824CFA7DD0038357C /* Products */ = {
			isa = PBXGroup;
			children = (
				900A9FC724CFA7DD0038357C /* DoubleTapFeature.app */,
			);
			name = Products;
			sourceTree = "<group>";
		};
		900A9FC924CFA7DD0038357C /* DoubleTapFeature */ = {
			isa = PBXGroup;
			children = (
				900A9FCA24CFA7DD0038357C /* AppDelegate.swift */,
				900A9FCC24CFA7DD0038357C /* SceneDelegate.swift */,
				900A9FCE24CFA7DD0038357C /* ViewController.swift */,
				900A9FD024CFA7DD0038357C /* Main.storyboard */,
				900A9FD324CFA7DF0038357C /* Assets.xcassets */,
				900A9FD524CFA7DF0038357C /* LaunchScreen.storyboard */,
				900A9FD824CFA7DF0038357C /* Info.plist */,
			);
			path = DoubleTapFeature;
			sourceTree = "<group>";
		};
/* End PBXGroup section */

/* Begin PBXNativeTarget section */
		900A9FC624CFA7DD0038357C /* DoubleTapFeature */ = {
			isa = PBXNativeTarget;
			buildConfigurationList = 900A9FDB24CFA7DF0038357C /* Build configuration list for PBXNativeTarget "DoubleTapFeature" */;
			buildPhases = (
				900A9FC324CFA7DD0038357C /* Sources */,
				900A9FC424CFA7DD0038357C /* Frameworks */,
				900A9FC524CFA7DD0038357C /* Resources */,
			);
			buildRules = (
			);
			dependencies = (
			);
			name = DoubleTapFeature;
			productName = DoubleTapFeature;
			productReference = 900A9FC724CFA7DD0038357C /* DoubleTapFeature.app */;
			productType = "com.apple.product-type.application";
		};
/* End PBXNativeTarget section */

/* Begin PBXProject section */
		900A9FBF24CFA7DD0038357C /* Project object */ = {
			isa = PBXProject;
			attributes = {
				LastSwiftUpdateCheck = 1160;
				LastUpgradeCheck = 1160;
				ORGANIZATIONNAME = "Lawrence Dizon";
				TargetAttributes = {
					900A9FC624CFA7DD0038357C = {
						CreatedOnToolsVersion = 11.6;
					};
				};
			};
			buildConfigurationList = 900A9FC224CFA7DD0038357C /* Build configuration list for PBXProject "DoubleTapFeature" */;
			compatibilityVersion = "Xcode 9.3";
			developmentRegion = en;
			hasScannedForEncodings = 0;
			knownRegions = (
				en,
				Base,
			);
			mainGroup = 900A9FBE24CFA7DD0038357C;
			productRefGroup = 900A9FC824CFA7DD0038357C /* Products */;
			projectDirPath = "";
			projectRoot = "";
			targets = (
				900A9FC624CFA7DD0038357C /* DoubleTapFeature */,
			);
		};
/* End PBXProject section */

/* Begin PBXResourcesBuildPhase section */
		900A9FC524CFA7DD0038357C /* Resources */ = {
			isa = PBXResourcesBuildPhase;
			buildActionMask = 2147483647;
			files = (
				900A9FD724CFA7DF0038357C /* LaunchScreen.storyboard in Resources */,
				900A9FD424CFA7DF0038357C /* Assets.xcassets in Resources */,
				900A9FD224CFA7DD0038357C /* Main.storyboard in Resources */,
			);
			runOnlyForDeploymentPostprocessing = 0;
		};
/* End PBXResourcesBuildPhase section */

/* Begin PBXSourcesBuildPhase section */
		900A9FC324CFA7DD0038357C /* Sources */ = {
			isa = PBXSourcesBuildPhase;
			buildActionMask = 2147483647;
			files = (
				900A9FCF24CFA7DD0038357C /* ViewController.swift in Sources */,
				900A9FCB24CFA7DD0038357C /* AppDelegate.swift in Sources */,
				900A9FCD24CFA7DD0038357C /* SceneDelegate.swift in Sources */,
			);
			runOnlyForDeploymentPostprocessing = 0;
		};
/* End PBXSourcesBuildPhase section */

/* Begin PBXVariantGroup section */
		900A9FD024CFA7DD0038357C /* Main.storyboard */ = {
			isa = PBXVariantGroup;
			children = (
				900A9FD124CFA7DD0038357C /* Base */,
			);
			name = Main.storyboard;
			sourceTree = "<group>";
		};
		900A9FD524CFA7DF0038357C /* LaunchScreen.storyboard */ = {
			isa = PBXVariantGroup;
			children = (
				900A9FD624CFA7DF0038357C /* Base */,
			);
			name = LaunchScreen.storyboard;
			sourceTree = "<group>";
		};
/* End PBXVariantGroup section */

/* Begin XCBuildConfiguration section */
		900A9FD924CFA7DF0038357C /* Debug */ = {
			isa = XCBuildConfiguration;
			buildSettings = {
				ALWAYS_SEARCH_USER_PATHS = NO;
				CLANG_ANALYZER_NONNULL = YES;
				CLANG_ANALYZER_NUMBER_OBJECT_CONVERSION = YES_AGGRESSIVE;
				CLANG_CXX_LANGUAGE_STANDARD = "gnu++14";
				CLANG_CXX_LIBRARY = "libc++";
				CLANG_ENABLE_MODULES = YES;
				CLANG_ENABLE_OBJC_ARC = YES;
				CLANG_ENABLE_OBJC_WEAK = YES;
				CLANG_WARN_BLOCK_CAPTURE_AUTORELEASING = YES;
				CLANG_WARN_BOOL_CONVERSION = YES;
				CLANG_WARN_COMMA = YES;
				CLANG_WARN_CONSTANT_CONVERSION = YES;
				CLANG_WARN_DEPRECATED_OBJC_IMPLEMENTATIONS = YES;
				CLANG_WARN_DIRECT_OBJC_ISA_USAGE = YES_ERROR;
				CLANG_WARN_DOCUMENTATION_COMMENTS = YES;
				CLANG_WARN_EMPTY_BODY = YES;
				CLANG_WARN_ENUM_CONVERSION = YES;
				CLANG_WARN_INFINITE_RECURSION = YES;
				CLANG_WARN_INT_CONVERSION = YES;
				CLANG_WARN_NON_LITERAL_NULL_CONVERSION = YES;
				CLANG_WARN_OBJC_IMPLICIT_RETAIN_SELF = YES;
				CLANG_WARN_OBJC_LITERAL_CONVERSION = YES;
				CLANG_WARN_OBJC_ROOT_CLASS = YES_ERROR;
				CLANG_WARN_RANGE_LOOP_ANALYSIS = YES;
				CLANG_WARN_STRICT_PROTOTYPES = YES;
				CLANG_WARN_SUSPICIOUS_MOVE = YES;
				CLANG_WARN_UNGUARDED_AVAILABILITY = YES_AGGRESSIVE;
				CLANG_WARN_UNREACHABLE_CODE = YES;
				CLANG_WARN__DUPLICATE_METHOD_MATCH = YES;
				COPY_PHASE_STRIP = NO;
				DEBUG_INFORMATION_FORMAT = dwarf;
				ENABLE_STRICT_OBJC_MSGSEND = YES;
				ENABLE_TESTABILITY = YES;
				GCC_C_LANGUAGE_STANDARD = gnu11;
				GCC_DYNAMIC_NO_PIC = NO;
				GCC_NO_COMMON_BLOCKS = YES;
				GCC_OPTIMIZATION_LEVEL = 0;
				GCC_PREPROCESSOR_DEFINITIONS = (
					"DEBUG=1",
					"$(inherited)",
				);
				GCC_WARN_64_TO_32_BIT_CONVERSION = YES;
				GCC_WARN_ABOUT_RETURN_TYPE = YES_ERROR;
				GCC_WARN_UNDECLARED_SELECTOR = YES;
				GCC_WARN_UNINITIALIZED_AUTOS = YES_AGGRESSIVE;
				GCC_WARN_UNUSED_FUNCTION = YES;
				GCC_WARN_UNUSED_VARIABLE = YES;
				IPHONEOS_DEPLOYMENT_TARGET = 13.6;
				MTL_ENABLE_DEBUG_INFO = INCLUDE_SOURCE;
				MTL_FAST_MATH = YES;
				ONLY_ACTIVE_ARCH = YES;
				SDKROOT = iphoneos;
				SWIFT_ACTIVE_COMPILATION_CONDITIONS = DEBUG;
				SWIFT_OPTIMIZATION_LEVEL = "-Onone";
			};
			name = Debug;
		};
		900A9FDA24CFA7DF0038357C /* Release */ = {
			isa = XCBuildConfiguration;
			buildSettings = {
				ALWAYS_SEARCH_USER_PATHS = NO;
				CLANG_ANALYZER_NONNULL = YES;
				CLANG_ANALYZER_NUMBER_OBJECT_CONVERSION = YES_AGGRESSIVE;
				CLANG_CXX_LANGUAGE_STANDARD = "gnu++14";
				CLANG_CXX_LIBRARY = "libc++";
				CLANG_ENABLE_MODULES = YES;
				CLANG_ENABLE_OBJC_ARC = YES;
				CLANG_ENABLE_OBJC_WEAK = YES;
				CLANG_WARN_BLOCK_CAPTURE_AUTORELEASING = YES;
				CLANG_WARN_BOOL_CONVERSION = YES;
				CLANG_WARN_COMMA = YES;
				CLANG_WARN_CONSTANT_CONVERSION = YES;
				CLANG_WARN_DEPRECATED_OBJC_IMPLEMENTATIONS = YES;
				CLANG_WARN_DIRECT_OBJC_ISA_USAGE = YES_ERROR;
				CLANG_WARN_DOCUMENTATION_COMMENTS = YES;
				CLANG_WARN_EMPTY_BODY = YES;
				CLANG_WARN_ENUM_CONVERSION = YES;
				CLANG_WARN_INFINITE_RECURSION = YES;
				CLANG_WARN_INT_CONVERSION = YES;
				CLANG_WARN_NON_LITERAL_NULL_CONVERSION = YES;
				CLANG_WARN_OBJC_IMPLICIT_RETAIN_SELF = YES;
				CLANG_WARN_OBJC_LITERAL_CONVERSION = YES;
				CLANG_WARN_OBJC_ROOT_CLASS = YES_ERROR;
				CLANG_WARN_RANGE_LOOP_ANALYSIS = YES;
				CLANG_WARN_STRICT_PROTOTYPES = YES;
				CLANG_WARN_SUSPICIOUS_MOVE = YES;
				CLANG_WARN_UNGUARDED_AVAILABILITY = YES_AGGRESSIVE;
				CLANG_WARN_UNREACHABLE_CODE = YES;
				CLANG_WARN__DUPLICATE_METHOD_MATCH = YES;
				COPY_PHASE_STRIP = NO;
				DEBUG_INFORMATION_FORMAT = "dwarf-with-dsym";
				ENABLE_NS_ASSERTIONS = NO;
				ENABLE_STRICT_OBJC_MSGSEND = YES;
				GCC_C_LANGUAGE_STANDARD = gnu11;
				GCC_NO_COMMON_BLOCKS = YES;
				GCC_WARN_64_TO_32_BIT_CONVERSION = YES;
				GCC_WARN_ABOUT_RETURN_TYPE = YES_ERROR;
				GCC_WARN_UNDECLARED_SELECTOR = YES;
				GCC_WARN_UNINITIALIZED_AUTOS = YES_AGGRESSIVE;
				GCC_WARN_UNUSED_FUNCTION = YES;
				GCC_WARN_UNUSED_VARIABLE = YES;
				IPHONEOS_DEPLOYMENT_TARGET = 13.6;
				MTL_ENABLE_DEBUG_INFO = NO;
				MTL_FAST_MATH = YES;
				SDKROOT = iphoneos;
				SWIFT_COMPILATION_MODE = wholemodule;
				SWIFT_OPTIMIZATION_LEVEL = "-O";
				VALIDATE_PRODUCT = YES;
			};
			name = Release;
		};
		900A9FDC24CFA7DF0038357C /* Debug */ = {
			isa = XCBuildConfiguration;
			buildSettings = {
				ASSETCATALOG_COMPILER_APPICON_NAME = AppIcon;
				CODE_SIGN_STYLE = Automatic;
				INFOPLIST_FILE = DoubleTapFeature/Info.plist;
				LD_RUNPATH_SEARCH_PATHS = (
					"$(inherited)",
					"@executable_path/Frameworks",
				);
				PRODUCT_BUNDLE_IDENTIFIER = "Lawrence-Dizon.DoubleTapFeature";
				PRODUCT_NAME = "$(TARGET_NAME)";
				SWIFT_VERSION = 5.0;
				TARGETED_DEVICE_FAMILY = "1,2";
			};
			name = Debug;
		};
		900A9FDD24CFA7DF0038357C /* Release */ = {
			isa = XCBuildConfiguration;
			buildSettings = {
				ASSETCATALOG_COMPILER_APPICON_NAME = AppIcon;
				CODE_SIGN_STYLE = Automatic;
				INFOPLIST_FILE = DoubleTapFeature/Info.plist;
				LD_RUNPATH_SEARCH_PATHS = (
					"$(inherited)",
					"@executable_path/Frameworks",
				);
				PRODUCT_BUNDLE_IDENTIFIER = "Lawrence-Dizon.DoubleTapFeature";
				PRODUCT_NAME = "$(TARGET_NAME)";
				SWIFT_VERSION = 5.0;
				TARGETED_DEVICE_FAMILY = "1,2";
			};
			name = Release;
		};
/* End XCBuildConfiguration section */

/* Begin XCConfigurationList section */
		900A9FC224CFA7DD0038357C /* Build configuration list for PBXProject "DoubleTapFeature" */ = {
			isa = XCConfigurationList;
			buildConfigurations = (
				900A9FD924CFA7DF0038357C /* Debug */,
				900A9FDA24CFA7DF0038357C /* Release */,
			);
			defaultConfigurationIsVisible = 0;
			defaultConfigurationName = Release;
		};
		900A9FDB24CFA7DF0038357C /* Build configuration list for PBXNativeTarget "DoubleTapFeature" */ = {
			isa = XCConfigurationList;
			buildConfigurations = (
				900A9FDC24CFA7DF0038357C /* Debug */,
				900A9FDD24CFA7DF0038357C /* Release */,
			);
			defaultConfigurationIsVisible = 0;
			defaultConfigurationName = Release;
		};
/* End XCConfigurationList section */
	};
	rootObject = 900A9FBF24CFA7DD0038357C /* Project object */;
}
